
Microsoft Visual Studio Solution File, Format Version 12.00
# Visual Studio Version 17
VisualStudioVersion = 17.8.34511.84
MinimumVisualStudioVersion = 10.0.40219.1
Project("{FAE04EC0-301F-11D3-BF4B-00C04F79EFBC}") = "CSVFILE", "CSVFILE.csproj", "{413E54DA-3895-4B72-BFB3-877E0E3009C9}"
EndProject
Global
	GlobalSection(SolutionConfigurationPlatforms) = preSolution
		Debug|Any CPU = Debug|Any CPU
		Release|Any CPU = Release|Any CPU
	EndGlobalSection
	GlobalSection(ProjectConfigurationPlatforms) = postSolution
		{413E54DA-3895-4B72-BFB3-877E0E3009C9}.Debug|Any CPU.ActiveCfg = Debug|Any CPU
		{413E54DA-3895-4B72-BFB3-877E0E3009C9}.Debug|Any CPU.Build.0 = Debug|Any CPU
		{413E54DA-3895-4B72-BFB3-877E0E3009C9}.Release|Any CPU.ActiveCfg = Release|Any CPU
		{413E54DA-3895-4B72-BFB3-877E0E3009C9}.Release|Any CPU.Build.0 = Release|Any CPU
	EndGlobalSection
	GlobalSection(SolutionProperties) = preSolution
		HideSolutionNode = FALSE
	EndGlobalSection
	GlobalSection(ExtensibilityGlobals) = postSolution
		SolutionGuid = {6C60BA95-E8C1-4BDC-A94B-70DBA5C9C2DB}
	EndGlobalSection
EndGlobal
